// !$*UTF8*$!
{
	archiveVersion = 1;
	classes = {
	};
	objectVersion = 50;
	objects = {

/* Begin PBXBuildFile section */
		DBEC29822638CB3C00B5EDD2 /* userComponent.swift in Sources */ = {isa = PBXBuildFile; fileRef = DBEC29812638CB3C00B5EDD2 /* userComponent.swift */; };
		DBEC29872638CC9C00B5EDD2 /* userComponent.xib in Resources */ = {isa = PBXBuildFile; fileRef = DBEC29862638CC9C00B5EDD2 /* userComponent.xib */; };
		DBEF2B852630EAB400700998 /* AppDelegate.swift in Sources */ = {isa = PBXBuildFile; fileRef = DBEF2B842630EAB400700998 /* AppDelegate.swift */; };
		DBEF2B872630EAB400700998 /* SceneDelegate.swift in Sources */ = {isa = PBXBuildFile; fileRef = DBEF2B862630EAB400700998 /* SceneDelegate.swift */; };
		DBEF2B892630EAB400700998 /* ViewController.swift in Sources */ = {isa = PBXBuildFile; fileRef = DBEF2B882630EAB400700998 /* ViewController.swift */; };
		DBEF2B8C2630EAB400700998 /* Main.storyboard in Resources */ = {isa = PBXBuildFile; fileRef = DBEF2B8A2630EAB400700998 /* Main.storyboard */; };
		DBEF2B8E2630EAB700700998 /* Assets.xcassets in Resources */ = {isa = PBXBuildFile; fileRef = DBEF2B8D2630EAB700700998 /* Assets.xcassets */; };
		DBEF2B912630EAB700700998 /* LaunchScreen.storyboard in Resources */ = {isa = PBXBuildFile; fileRef = DBEF2B8F2630EAB700700998 /* LaunchScreen.storyboard */; };
		DBEF2B9C2630EAB700700998 /* lifeTests.swift in Sources */ = {isa = PBXBuildFile; fileRef = DBEF2B9B2630EAB700700998 /* lifeTests.swift */; };
		DBEF2BA72630EAB700700998 /* lifeUITests.swift in Sources */ = {isa = PBXBuildFile; fileRef = DBEF2BA62630EAB700700998 /* lifeUITests.swift */; };
		DBEF2BBE26375C8B00700998 /* SwiftUIView.swift in Sources */ = {isa = PBXBuildFile; fileRef = DBEF2BBD26375C8B00700998 /* SwiftUIView.swift */; };
/* End PBXBuildFile section */

/* Begin PBXContainerItemProxy section */
		DBEF2B982630EAB700700998 /* PBXContainerItemProxy */ = {
			isa = PBXContainerItemProxy;
			containerPortal = DBEF2B792630EAB400700998 /* Project object */;
			proxyType = 1;
			remoteGlobalIDString = DBEF2B802630EAB400700998;
			remoteInfo = life;
		};
		DBEF2BA32630EAB700700998 /* PBXContainerItemProxy */ = {
			isa = PBXContainerItemProxy;
			containerPortal = DBEF2B792630EAB400700998 /* Project object */;
			proxyType = 1;
			remoteGlobalIDString = DBEF2B802630EAB400700998;
			remoteInfo = life;
		};
/* End PBXContainerItemProxy section */

/* Begin PBXFileReference section */
		DBEC29812638CB3C00B5EDD2 /* userComponent.swift */ = {isa = PBXFileReference; lastKnownFileType = sourcecode.swift; path = userComponent.swift; sourceTree = "<group>"; };
		DBEC29862638CC9C00B5EDD2 /* userComponent.xib */ = {isa = PBXFileReference; lastKnownFileType = file.xib; path = userComponent.xib; sourceTree = "<group>"; };
		DBEF2B812630EAB400700998 /* life.app */ = {isa = PBXFileReference; explicitFileType = wrapper.application; includeInIndex = 0; path = life.app; sourceTree = BUILT_PRODUCTS_DIR; };
		DBEF2B842630EAB400700998 /* AppDelegate.swift */ = {isa = PBXFileReference; lastKnownFileType = sourcecode.swift; path = AppDelegate.swift; sourceTree = "<group>"; };
		DBEF2B862630EAB400700998 /* SceneDelegate.swift */ = {isa = PBXFileReference; lastKnownFileType = sourcecode.swift; path = SceneDelegate.swift; sourceTree = "<group>"; };
		DBEF2B882630EAB400700998 /* ViewController.swift */ = {isa = PBXFileReference; lastKnownFileType = sourcecode.swift; path = ViewController.swift; sourceTree = "<group>"; };
		DBEF2B8B2630EAB400700998 /* Base */ = {isa = PBXFileReference; lastKnownFileType = file.storyboard; name = Base; path = Base.lproj/Main.storyboard; sourceTree = "<group>"; };
		DBEF2B8D2630EAB700700998 /* Assets.xcassets */ = {isa = PBXFileReference; lastKnownFileType = folder.assetcatalog; path = Assets.xcassets; sourceTree = "<group>"; };
		DBEF2B902630EAB700700998 /* Base */ = {isa = PBXFileReference; lastKnownFileType = file.storyboard; name = Base; path = Base.lproj/LaunchScreen.storyboard; sourceTree = "<group>"; };
		DBEF2B922630EAB700700998 /* Info.plist */ = {isa = PBXFileReference; lastKnownFileType = text.plist.xml; path = Info.plist; sourceTree = "<group>"; };
		DBEF2B972630EAB700700998 /* lifeTests.xctest */ = {isa = PBXFileReference; explicitFileType = wrapper.cfbundle; includeInIndex = 0; path = lifeTests.xctest; sourceTree = BUILT_PRODUCTS_DIR; };
		DBEF2B9B2630EAB700700998 /* lifeTests.swift */ = {isa = PBXFileReference; lastKnownFileType = sourcecode.swift; path = lifeTests.swift; sourceTree = "<group>"; };
		DBEF2B9D2630EAB700700998 /* Info.plist */ = {isa = PBXFileReference; lastKnownFileType = text.plist.xml; path = Info.plist; sourceTree = "<group>"; };
		DBEF2BA22630EAB700700998 /* lifeUITests.xctest */ = {isa = PBXFileReference; explicitFileType = wrapper.cfbundle; includeInIndex = 0; path = lifeUITests.xctest; sourceTree = BUILT_PRODUCTS_DIR; };
		DBEF2BA62630EAB700700998 /* lifeUITests.swift */ = {isa = PBXFileReference; lastKnownFileType = sourcecode.swift; path = lifeUITests.swift; sourceTree = "<group>"; };
		DBEF2BA82630EAB700700998 /* Info.plist */ = {isa = PBXFileReference; lastKnownFileType = text.plist.xml; path = Info.plist; sourceTree = "<group>"; };
		DBEF2BBD26375C8B00700998 /* SwiftUIView.swift */ = {isa = PBXFileReference; lastKnownFileType = sourcecode.swift; path = SwiftUIView.swift; sourceTree = "<group>"; };
/* End PBXFileReference section */

/* Begin PBXFrameworksBuildPhase section */
		DBEF2B7E2630EAB400700998 /* Frameworks */ = {
			isa = PBXFrameworksBuildPhase;
			buildActionMask = 2147483647;
			files = (
			);
			runOnlyForDeploymentPostprocessing = 0;
		};
		DBEF2B942630EAB700700998 /* Frameworks */ = {
			isa = PBXFrameworksBuildPhase;
			buildActionMask = 2147483647;
			files = (
			);
			runOnlyForDeploymentPostprocessing = 0;
		};
		DBEF2B9F2630EAB700700998 /* Frameworks */ = {
			isa = PBXFrameworksBuildPhase;
			buildActionMask = 2147483647;
			files = (
			);
			runOnlyForDeploymentPostprocessing = 0;
		};
/* End PBXFrameworksBuildPhase section */

/* Begin PBXGroup section */
		DBEF2B782630EAB400700998 = {
			isa = PBXGroup;
			children = (
				DBEF2B832630EAB400700998 /* life */,
				DBEF2B9A2630EAB700700998 /* lifeTests */,
				DBEF2BA52630EAB700700998 /* lifeUITests */,
				DBEF2B822630EAB400700998 /* Products */,
			);
			sourceTree = "<group>";
		};
		DBEF2B822630EAB400700998 /* Products */ = {
			isa = PBXGroup;
			children = (
				DBEF2B812630EAB400700998 /* life.app */,
				DBEF2B972630EAB700700998 /* lifeTests.xctest */,
				DBEF2BA22630EAB700700998 /* lifeUITests.xctest */,
			);
			name = Products;
			sourceTree = "<group>";
		};
		DBEF2B832630EAB400700998 /* life */ = {
			isa = PBXGroup;
			children = (
				DBEF2B842630EAB400700998 /* AppDelegate.swift */,
				DBEF2B862630EAB400700998 /* SceneDelegate.swift */,
				DBEC29812638CB3C00B5EDD2 /* userComponent.swift */,
				DBEC29862638CC9C00B5EDD2 /* userComponent.xib */,
				DBEF2B882630EAB400700998 /* ViewController.swift */,
				DBEF2B8A2630EAB400700998 /* Main.storyboard */,
				DBEF2B8D2630EAB700700998 /* Assets.xcassets */,
				DBEF2B8F2630EAB700700998 /* LaunchScreen.storyboard */,
				DBEF2B922630EAB700700998 /* Info.plist */,
				DBEF2BBD26375C8B00700998 /* SwiftUIView.swift */,
			);
			path = life;
			sourceTree = "<group>";
		};
		DBEF2B9A2630EAB700700998 /* lifeTests */ = {
			isa = PBXGroup;
			children = (
				DBEF2B9B2630EAB700700998 /* lifeTests.swift */,
				DBEF2B9D2630EAB700700998 /* Info.plist */,
			);
			path = lifeTests;
			sourceTree = "<group>";
		};
		DBEF2BA52630EAB700700998 /* lifeUITests */ = {
			isa = PBXGroup;
			children = (
				DBEF2BA62630EAB700700998 /* lifeUITests.swift */,
				DBEF2BA82630EAB700700998 /* Info.plist */,
			);
			path = lifeUITests;
			sourceTree = "<group>";
		};
/* End PBXGroup section */

/* Begin PBXNativeTarget section */
		DBEF2B802630EAB400700998 /* life */ = {
			isa = PBXNativeTarget;
			buildConfigurationList = DBEF2BAB2630EAB700700998 /* Build configuration list for PBXNativeTarget "life" */;
			buildPhases = (
				DBEF2B7D2630EAB400700998 /* Sources */,
				DBEF2B7E2630EAB400700998 /* Frameworks */,
				DBEF2B7F2630EAB400700998 /* Resources */,
			);
			buildRules = (
			);
			dependencies = (
			);
			name = life;
			productName = life;
			productReference = DBEF2B812630EAB400700998 /* life.app */;
			productType = "com.apple.product-type.application";
		};
		DBEF2B962630EAB700700998 /* lifeTests */ = {
			isa = PBXNativeTarget;
			buildConfigurationList = DBEF2BAE2630EAB700700998 /* Build configuration list for PBXNativeTarget "lifeTests" */;
			buildPhases = (
				DBEF2B932630EAB700700998 /* Sources */,
				DBEF2B942630EAB700700998 /* Frameworks */,
				DBEF2B952630EAB700700998 /* Resources */,
			);
			buildRules = (
			);
			dependencies = (
				DBEF2B992630EAB700700998 /* PBXTargetDependency */,
			);
			name = lifeTests;
			productName = lifeTests;
			productReference = DBEF2B972630EAB700700998 /* lifeTests.xctest */;
			productType = "com.apple.product-type.bundle.unit-test";
		};
		DBEF2BA12630EAB700700998 /* lifeUITests */ = {
			isa = PBXNativeTarget;
			buildConfigurationList = DBEF2BB12630EAB700700998 /* Build configuration list for PBXNativeTarget "lifeUITests" */;
			buildPhases = (
				DBEF2B9E2630EAB700700998 /* Sources */,
				DBEF2B9F2630EAB700700998 /* Frameworks */,
				DBEF2BA02630EAB700700998 /* Resources */,
			);
			buildRules = (
			);
			dependencies = (
				DBEF2BA42630EAB700700998 /* PBXTargetDependency */,
			);
			name = lifeUITests;
			productName = lifeUITests;
			productReference = DBEF2BA22630EAB700700998 /* lifeUITests.xctest */;
			productType = "com.apple.product-type.bundle.ui-testing";
		};
/* End PBXNativeTarget section */

/* Begin PBXProject section */
		DBEF2B792630EAB400700998 /* Project object */ = {
			isa = PBXProject;
			attributes = {
				LastSwiftUpdateCheck = 1240;
				LastUpgradeCheck = 1240;
				TargetAttributes = {
					DBEF2B802630EAB400700998 = {
						CreatedOnToolsVersion = 12.4;
					};
					DBEF2B962630EAB700700998 = {
						CreatedOnToolsVersion = 12.4;
						TestTargetID = DBEF2B802630EAB400700998;
					};
					DBEF2BA12630EAB700700998 = {
						CreatedOnToolsVersion = 12.4;
						TestTargetID = DBEF2B802630EAB400700998;
					};
				};
			};
			buildConfigurationList = DBEF2B7C2630EAB400700998 /* Build configuration list for PBXProject "life" */;
			compatibilityVersion = "Xcode 9.3";
			developmentRegion = en;
			hasScannedForEncodings = 0;
			knownRegions = (
				en,
				Base,
			);
			mainGroup = DBEF2B782630EAB400700998;
			productRefGroup = DBEF2B822630EAB400700998 /* Products */;
			projectDirPath = "";
			projectRoot = "";
			targets = (
				DBEF2B802630EAB400700998 /* life */,
				DBEF2B962630EAB700700998 /* lifeTests */,
				DBEF2BA12630EAB700700998 /* lifeUITests */,
			);
		};
/* End PBXProject section */

/* Begin PBXResourcesBuildPhase section */
		DBEF2B7F2630EAB400700998 /* Resources */ = {
			isa = PBXResourcesBuildPhase;
			buildActionMask = 2147483647;
			files = (
				DBEF2B912630EAB700700998 /* LaunchScreen.storyboard in Resources */,
				DBEC29872638CC9C00B5EDD2 /* userComponent.xib in Resources */,
				DBEF2B8E2630EAB700700998 /* Assets.xcassets in Resources */,
				DBEF2B8C2630EAB400700998 /* Main.storyboard in Resources */,
			);
			runOnlyForDeploymentPostprocessing = 0;
		};
		DBEF2B952630EAB700700998 /* Resources */ = {
			isa = PBXResourcesBuildPhase;
			buildActionMask = 2147483647;
			files = (
			);
			runOnlyForDeploymentPostprocessing = 0;
		};
		DBEF2BA02630EAB700700998 /* Resources */ = {
			isa = PBXResourcesBuildPhase;
			buildActionMask = 2147483647;
			files = (
			);
			runOnlyForDeploymentPostprocessing = 0;
		};
/* End PBXResourcesBuildPhase section */

/* Begin PBXSourcesBuildPhase section */
		DBEF2B7D2630EAB400700998 /* Sources */ = {
			isa = PBXSourcesBuildPhase;
			buildActionMask = 2147483647;
			files = (
				DBEC29822638CB3C00B5EDD2 /* userComponent.swift in Sources */,
				DBEF2B892630EAB400700998 /* ViewController.swift in Sources */,
				DBEF2B852630EAB400700998 /* AppDelegate.swift in Sources */,
				DBEF2BBE26375C8B00700998 /* SwiftUIView.swift in Sources */,
				DBEF2B872630EAB400700998 /* SceneDelegate.swift in Sources */,
			);
			runOnlyForDeploymentPostprocessing = 0;
		};
		DBEF2B932630EAB700700998 /* Sources */ = {
			isa = PBXSourcesBuildPhase;
			buildActionMask = 2147483647;
			files = (
				DBEF2B9C2630EAB700700998 /* lifeTests.swift in Sources */,
			);
			runOnlyForDeploymentPostprocessing = 0;
		};
		DBEF2B9E2630EAB700700998 /* Sources */ = {
			isa = PBXSourcesBuildPhase;
			buildActionMask = 2147483647;
			files = (
				DBEF2BA72630EAB700700998 /* lifeUITests.swift in Sources */,
			);
			runOnlyForDeploymentPostprocessing = 0;
		};
/* End PBXSourcesBuildPhase section */

/* Begin PBXTargetDependency section */
		DBEF2B992630EAB700700998 /* PBXTargetDependency */ = {
			isa = PBXTargetDependency;
			target = DBEF2B802630EAB400700998 /* life */;
			targetProxy = DBEF2B982630EAB700700998 /* PBXContainerItemProxy */;
		};
		DBEF2BA42630EAB700700998 /* PBXTargetDependency */ = {
			isa = PBXTargetDependency;
			target = DBEF2B802630EAB400700998 /* life */;
			targetProxy = DBEF2BA32630EAB700700998 /* PBXContainerItemProxy */;
		};
/* End PBXTargetDependency section */

/* Begin PBXVariantGroup section */
		DBEF2B8A2630EAB400700998 /* Main.storyboard */ = {
			isa = PBXVariantGroup;
			children = (
				DBEF2B8B2630EAB400700998 /* Base */,
			);
			name = Main.storyboard;
			sourceTree = "<group>";
		};
		DBEF2B8F2630EAB700700998 /* LaunchScreen.storyboard */ = {
			isa = PBXVariantGroup;
			children = (
				DBEF2B902630EAB700700998 /* Base */,
			);
			name = LaunchScreen.storyboard;
			sourceTree = "<group>";
		};
/* End PBXVariantGroup section */

/* Begin XCBuildConfiguration section */
		DBEF2BA92630EAB700700998 /* Debug */ = {
			isa = XCBuildConfiguration;
			buildSettings = {
				ALWAYS_SEARCH_USER_PATHS = NO;
				CLANG_ANALYZER_NONNULL = YES;
				CLANG_ANALYZER_NUMBER_OBJECT_CONVERSION = YES_AGGRESSIVE;
				CLANG_CXX_LANGUAGE_STANDARD = "gnu++14";
				CLANG_CXX_LIBRARY = "libc++";
				CLANG_ENABLE_MODULES = YES;
				CLANG_ENABLE_OBJC_ARC = YES;
				CLANG_ENABLE_OBJC_WEAK = YES;
				CLANG_WARN_BLOCK_CAPTURE_AUTORELEASING = YES;
				CLANG_WARN_BOOL_CONVERSION = YES;
				CLANG_WARN_COMMA = YES;
				CLANG_WARN_CONSTANT_CONVERSION = YES;
				CLANG_WARN_DEPRECATED_OBJC_IMPLEMENTATIONS = YES;
				CLANG_WARN_DIRECT_OBJC_ISA_USAGE = YES_ERROR;
				CLANG_WARN_DOCUMENTATION_COMMENTS = YES;
				CLANG_WARN_EMPTY_BODY = YES;
				CLANG_WARN_ENUM_CONVERSION = YES;
				CLANG_WARN_INFINITE_RECURSION = YES;
				CLANG_WARN_INT_CONVERSION = YES;
				CLANG_WARN_NON_LITERAL_NULL_CONVERSION = YES;
				CLANG_WARN_OBJC_IMPLICIT_RETAIN_SELF = YES;
				CLANG_WARN_OBJC_LITERAL_CONVERSION = YES;
				CLANG_WARN_OBJC_ROOT_CLASS = YES_ERROR;
				CLANG_WARN_QUOTED_INCLUDE_IN_FRAMEWORK_HEADER = YES;
				CLANG_WARN_RANGE_LOOP_ANALYSIS = YES;
				CLANG_WARN_STRICT_PROTOTYPES = YES;
				CLANG_WARN_SUSPICIOUS_MOVE = YES;
				CLANG_WARN_UNGUARDED_AVAILABILITY = YES_AGGRESSIVE;
				CLANG_WARN_UNREACHABLE_CODE = YES;
				CLANG_WARN__DUPLICATE_METHOD_MATCH = YES;
				COPY_PHASE_STRIP = NO;
				DEBUG_INFORMATION_FORMAT = dwarf;
				ENABLE_STRICT_OBJC_MSGSEND = YES;
				ENABLE_TESTABILITY = YES;
				GCC_C_LANGUAGE_STANDARD = gnu11;
				GCC_DYNAMIC_NO_PIC = NO;
				GCC_NO_COMMON_BLOCKS = YES;
				GCC_OPTIMIZATION_LEVEL = 0;
				GCC_PREPROCESSOR_DEFINITIONS = (
					"DEBUG=1",
					"$(inherited)",
				);
				GCC_WARN_64_TO_32_BIT_CONVERSION = YES;
				GCC_WARN_ABOUT_RETURN_TYPE = YES_ERROR;
				GCC_WARN_UNDECLARED_SELECTOR = YES;
				GCC_WARN_UNINITIALIZED_AUTOS = YES_AGGRESSIVE;
				GCC_WARN_UNUSED_FUNCTION = YES;
				GCC_WARN_UNUSED_VARIABLE = YES;
				IPHONEOS_DEPLOYMENT_TARGET = 14.4;
				MTL_ENABLE_DEBUG_INFO = INCLUDE_SOURCE;
				MTL_FAST_MATH = YES;
				ONLY_ACTIVE_ARCH = YES;
				SDKROOT = iphoneos;
				SWIFT_ACTIVE_COMPILATION_CONDITIONS = DEBUG;
				SWIFT_OPTIMIZATION_LEVEL = "-Onone";
			};
			name = Debug;
		};
		DBEF2BAA2630EAB700700998 /* Release */ = {
			isa = XCBuildConfiguration;
			buildSettings = {
				ALWAYS_SEARCH_USER_PATHS = NO;
				CLANG_ANALYZER_NONNULL = YES;
				CLANG_ANALYZER_NUMBER_OBJECT_CONVERSION = YES_AGGRESSIVE;
				CLANG_CXX_LANGUAGE_STANDARD = "gnu++14";
				CLANG_CXX_LIBRARY = "libc++";
				CLANG_ENABLE_MODULES = YES;
				CLANG_ENABLE_OBJC_ARC = YES;
				CLANG_ENABLE_OBJC_WEAK = YES;
				CLANG_WARN_BLOCK_CAPTURE_AUTORELEASING = YES;
				CLANG_WARN_BOOL_CONVERSION = YES;
				CLANG_WARN_COMMA = YES;
				CLANG_WARN_CONSTANT_CONVERSION = YES;
				CLANG_WARN_DEPRECATED_OBJC_IMPLEMENTATIONS = YES;
				CLANG_WARN_DIRECT_OBJC_ISA_USAGE = YES_ERROR;
				CLANG_WARN_DOCUMENTATION_COMMENTS = YES;
				CLANG_WARN_EMPTY_BODY = YES;
				CLANG_WARN_ENUM_CONVERSION = YES;
				CLANG_WARN_INFINITE_RECURSION = YES;
				CLANG_WARN_INT_CONVERSION = YES;
				CLANG_WARN_NON_LITERAL_NULL_CONVERSION = YES;
				CLANG_WARN_OBJC_IMPLICIT_RETAIN_SELF = YES;
				CLANG_WARN_OBJC_LITERAL_CONVERSION = YES;
				CLANG_WARN_OBJC_ROOT_CLASS = YES_ERROR;
				CLANG_WARN_QUOTED_INCLUDE_IN_FRAMEWORK_HEADER = YES;
				CLANG_WARN_RANGE_LOOP_ANALYSIS = YES;
				CLANG_WARN_STRICT_PROTOTYPES = YES;
				CLANG_WARN_SUSPICIOUS_MOVE = YES;
				CLANG_WARN_UNGUARDED_AVAILABILITY = YES_AGGRESSIVE;
				CLANG_WARN_UNREACHABLE_CODE = YES;
				CLANG_WARN__DUPLICATE_METHOD_MATCH = YES;
				COPY_PHASE_STRIP = NO;
				DEBUG_INFORMATION_FORMAT = "dwarf-with-dsym";
				ENABLE_NS_ASSERTIONS = NO;
				ENABLE_STRICT_OBJC_MSGSEND = YES;
				GCC_C_LANGUAGE_STANDARD = gnu11;
				GCC_NO_COMMON_BLOCKS = YES;
				GCC_WARN_64_TO_32_BIT_CONVERSION = YES;
				GCC_WARN_ABOUT_RETURN_TYPE = YES_ERROR;
				GCC_WARN_UNDECLARED_SELECTOR = YES;
				GCC_WARN_UNINITIALIZED_AUTOS = YES_AGGRESSIVE;
				GCC_WARN_UNUSED_FUNCTION = YES;
				GCC_WARN_UNUSED_VARIABLE = YES;
				IPHONEOS_DEPLOYMENT_TARGET = 14.4;
				MTL_ENABLE_DEBUG_INFO = NO;
				MTL_FAST_MATH = YES;
				SDKROOT = iphoneos;
				SWIFT_COMPILATION_MODE = wholemodule;
				SWIFT_OPTIMIZATION_LEVEL = "-O";
				VALIDATE_PRODUCT = YES;
			};
			name = Release;
		};
		DBEF2BAC2630EAB700700998 /* Debug */ = {
			isa = XCBuildConfiguration;
			buildSettings = {
				ASSETCATALOG_COMPILER_APPICON_NAME = AppIcon;
				ASSETCATALOG_COMPILER_GLOBAL_ACCENT_COLOR_NAME = AccentColor;
				CODE_SIGN_STYLE = Automatic;
				DEVELOPMENT_TEAM = VCG2QLK4NM;
				INFOPLIST_FILE = life/Info.plist;
				LD_RUNPATH_SEARCH_PATHS = (
					"$(inherited)",
					"@executable_path/Frameworks",
				);
				PRODUCT_BUNDLE_IDENTIFIER = com.life;
				PRODUCT_NAME = "$(TARGET_NAME)";
				SWIFT_VERSION = 5.0;
				TARGETED_DEVICE_FAMILY = "1,2";
			};
			name = Debug;
		};
		DBEF2BAD2630EAB700700998 /* Release */ = {
			isa = XCBuildConfiguration;
			buildSettings = {
				ASSETCATALOG_COMPILER_APPICON_NAME = AppIcon;
				ASSETCATALOG_COMPILER_GLOBAL_ACCENT_COLOR_NAME = AccentColor;
				CODE_SIGN_STYLE = Automatic;
				DEVELOPMENT_TEAM = VCG2QLK4NM;
				INFOPLIST_FILE = life/Info.plist;
				LD_RUNPATH_SEARCH_PATHS = (
					"$(inherited)",
					"@executable_path/Frameworks",
				);
				PRODUCT_BUNDLE_IDENTIFIER = com.life;
				PRODUCT_NAME = "$(TARGET_NAME)";
				SWIFT_VERSION = 5.0;
				TARGETED_DEVICE_FAMILY = "1,2";
			};
			name = Release;
		};
		DBEF2BAF2630EAB700700998 /* Debug */ = {
			isa = XCBuildConfiguration;
			buildSettings = {
				ALWAYS_EMBED_SWIFT_STANDARD_LIBRARIES = YES;
				BUNDLE_LOADER = "$(TEST_HOST)";
				CODE_SIGN_STYLE = Automatic;
				DEVELOPMENT_TEAM = VCG2QLK4NM;
				INFOPLIST_FILE = lifeTests/Info.plist;
				IPHONEOS_DEPLOYMENT_TARGET = 14.4;
				LD_RUNPATH_SEARCH_PATHS = (
					"$(inherited)",
					"@executable_path/Frameworks",
					"@loader_path/Frameworks",
				);
				PRODUCT_BUNDLE_IDENTIFIER = com.lifeTests;
				PRODUCT_NAME = "$(TARGET_NAME)";
				SWIFT_VERSION = 5.0;
				TARGETED_DEVICE_FAMILY = "1,2";
				TEST_HOST = "$(BUILT_PRODUCTS_DIR)/life.app/life";
			};
			name = Debug;
		};
		DBEF2BB02630EAB700700998 /* Release */ = {
			isa = XCBuildConfiguration;
			buildSettings = {
				ALWAYS_EMBED_SWIFT_STANDARD_LIBRARIES = YES;
				BUNDLE_LOADER = "$(TEST_HOST)";
				CODE_SIGN_STYLE = Automatic;
				DEVELOPMENT_TEAM = VCG2QLK4NM;
				INFOPLIST_FILE = lifeTests/Info.plist;
				IPHONEOS_DEPLOYMENT_TARGET = 14.4;
				LD_RUNPATH_SEARCH_PATHS = (
					"$(inherited)",
					"@executable_path/Frameworks",
					"@loader_path/Frameworks",
				);
				PRODUCT_BUNDLE_IDENTIFIER = com.lifeTests;
				PRODUCT_NAME = "$(TARGET_NAME)";
				SWIFT_VERSION = 5.0;
				TARGETED_DEVICE_FAMILY = "1,2";
				TEST_HOST = "$(BUILT_PRODUCTS_DIR)/life.app/life";
			};
			name = Release;
		};
		DBEF2BB22630EAB700700998 /* Debug */ = {
			isa = XCBuildConfiguration;
			buildSettings = {
				ALWAYS_EMBED_SWIFT_STANDARD_LIBRARIES = YES;
				CODE_SIGN_STYLE = Automatic;
				DEVELOPMENT_TEAM = VCG2QLK4NM;
				INFOPLIST_FILE = lifeUITests/Info.plist;
				LD_RUNPATH_SEARCH_PATHS = (
					"$(inherited)",
					"@executable_path/Frameworks",
					"@loader_path/Frameworks",
				);
				PRODUCT_BUNDLE_IDENTIFIER = com.lifeUITests;
				PRODUCT_NAME = "$(TARGET_NAME)";
				SWIFT_VERSION = 5.0;
				TARGETED_DEVICE_FAMILY = "1,2";
				TEST_TARGET_NAME = life;
			};
			name = Debug;
		};
		DBEF2BB32630EAB700700998 /* Release */ = {
			isa = XCBuildConfiguration;
			buildSettings = {
				ALWAYS_EMBED_SWIFT_STANDARD_LIBRARIES = YES;
				CODE_SIGN_STYLE = Automatic;
				DEVELOPMENT_TEAM = VCG2QLK4NM;
				INFOPLIST_FILE = lifeUITests/Info.plist;
				LD_RUNPATH_SEARCH_PATHS = (
					"$(inherited)",
					"@executable_path/Frameworks",
					"@loader_path/Frameworks",
				);
				PRODUCT_BUNDLE_IDENTIFIER = com.lifeUITests;
				PRODUCT_NAME = "$(TARGET_NAME)";
				SWIFT_VERSION = 5.0;
				TARGETED_DEVICE_FAMILY = "1,2";
				TEST_TARGET_NAME = life;
			};
			name = Release;
		};
/* End XCBuildConfiguration section */

/* Begin XCConfigurationList section */
		DBEF2B7C2630EAB400700998 /* Build configuration list for PBXProject "life" */ = {
			isa = XCConfigurationList;
			buildConfigurations = (
				DBEF2BA92630EAB700700998 /* Debug */,
				DBEF2BAA2630EAB700700998 /* Release */,
			);
			defaultConfigurationIsVisible = 0;
			defaultConfigurationName = Release;
		};
		DBEF2BAB2630EAB700700998 /* Build configuration list for PBXNativeTarget "life" */ = {
			isa = XCConfigurationList;
			buildConfigurations = (
				DBEF2BAC2630EAB700700998 /* Debug */,
				DBEF2BAD2630EAB700700998 /* Release */,
			);
			defaultConfigurationIsVisible = 0;
			defaultConfigurationName = Release;
		};
		DBEF2BAE2630EAB700700998 /* Build configuration list for PBXNativeTarget "lifeTests" */ = {
			isa = XCConfigurationList;
			buildConfigurations = (
				DBEF2BAF2630EAB700700998 /* Debug */,
				DBEF2BB02630EAB700700998 /* Release */,
			);
			defaultConfigurationIsVisible = 0;
			defaultConfigurationName = Release;
		};
		DBEF2BB12630EAB700700998 /* Build configuration list for PBXNativeTarget "lifeUITests" */ = {
			isa = XCConfigurationList;
			buildConfigurations = (
				DBEF2BB22630EAB700700998 /* Debug */,
				DBEF2BB32630EAB700700998 /* Release */,
			);
			defaultConfigurationIsVisible = 0;
			defaultConfigurationName = Release;
		};
/* End XCConfigurationList section */
	};
	rootObject = DBEF2B792630EAB400700998 /* Project object */;
}
